
Microsoft Visual Studio Solution File, Format Version 12.00
# Visual Studio Version 16
VisualStudioVersion = 16.0.30907.101
MinimumVisualStudioVersion = 10.0.40219.1
Project("{FAE04EC0-301F-11D3-BF4B-00C04F79EFBC}") = "ReferanceTypes", "ReferanceTypes\ReferanceTypes.csproj", "{7B56481D-5F08-412C-9108-252A7646D529}"
EndProject
Global
	GlobalSection(SolutionConfigurationPlatforms) = preSolution
		Debug|Any CPU = Debug|Any CPU
		Release|Any CPU = Release|Any CPU
	EndGlobalSection
	GlobalSection(ProjectConfigurationPlatforms) = postSolution
		{7B56481D-5F08-412C-9108-252A7646D529}.Debug|Any CPU.ActiveCfg = Debug|Any CPU
		{7B56481D-5F08-412C-9108-252A7646D529}.Debug|Any CPU.Build.0 = Debug|Any CPU
		{7B56481D-5F08-412C-9108-252A7646D529}.Release|Any CPU.ActiveCfg = Release|Any CPU
		{7B56481D-5F08-412C-9108-252A7646D529}.Release|Any CPU.Build.0 = Release|Any CPU
	EndGlobalSection
	GlobalSection(SolutionProperties) = preSolution
		HideSolutionNode = FALSE
	EndGlobalSection
	GlobalSection(ExtensibilityGlobals) = postSolution
		SolutionGuid = {071AA6D7-1C38-4915-86DF-05711E5F41B3}
	EndGlobalSection
EndGlobal
